PODS:
  - APIKit (4.0.0):
    - Result (~> 4.0)
  - BCryptSwift (1.1)
  - Crashlytics (3.10.9):
    - Fabric (~> 1.7.13)
  - CryptoSwift (0.13.1)
  - DDMathParser (2.0.0)
  - DLRadioButton (1.4.12)
  - Fabric (1.7.13)
  - Firebase/Core (5.15.0):
    - Firebase/CoreOnly
    - FirebaseAnalytics (= 5.4.0)
  - Firebase/CoreOnly (5.15.0):
    - FirebaseCore (= 5.1.10)
  - FirebaseAnalytics (5.4.0):
    - FirebaseCore (~> 5.1)
    - FirebaseInstanceID (~> 3.3)
    - GoogleAppMeasurement (= 5.4.0)
    - GoogleUtilities/AppDelegateSwizzler (~> 5.2)
    - GoogleUtilities/MethodSwizzler (~> 5.2)
    - GoogleUtilities/Network (~> 5.2)
    - "GoogleUtilities/NSData+zlib (~> 5.2)"
    - nanopb (~> 0.3)
  - FirebaseCore (5.1.10):
    - GoogleUtilities/Logger (~> 5.2)
  - FirebaseInstanceID (3.3.0):
    - FirebaseCore (~> 5.1)
    - GoogleUtilities/Environment (~> 5.3)
    - GoogleUtilities/UserDefaults (~> 5.3)
  - FontAwesome.swift (1.4.8)
  - GoogleAppMeasurement (5.4.0):
    - GoogleUtilities/AppDelegateSwizzler (~> 5.2)
    - GoogleUtilities/MethodSwizzler (~> 5.2)
    - GoogleUtilities/Network (~> 5.2)
    - "GoogleUtilities/NSData+zlib (~> 5.2)"
    - nanopb (~> 0.3)
  - GoogleUtilities/AppDelegateSwizzler (5.3.6):
    - GoogleUtilities/Environment
    - GoogleUtilities/Logger
    - GoogleUtilities/Network
  - GoogleUtilities/Environment (5.3.6)
  - GoogleUtilities/Logger (5.3.6):
    - GoogleUtilities/Environment
  - GoogleUtilities/MethodSwizzler (5.3.6):
    - GoogleUtilities/Logger
  - GoogleUtilities/Network (5.3.6):
    - GoogleUtilities/Logger
    - "GoogleUtilities/NSData+zlib"
    - GoogleUtilities/Reachability
  - "GoogleUtilities/NSData+zlib (5.3.6)"
  - GoogleUtilities/Reachability (5.3.6):
    - GoogleUtilities/Logger
  - GoogleUtilities/UserDefaults (5.3.6):
    - GoogleUtilities/Logger
  - KeychainAccess (3.1.2)
  - LicensePlist (2.0.0)
  - MaterialComponents/AnimationTiming (73.0.0)
  - MaterialComponents/Buttons (73.0.0):
    - MaterialComponents/Ink
    - MaterialComponents/private/Math
    - MaterialComponents/private/Shapes
    - MaterialComponents/ShadowElevations
    - MaterialComponents/ShadowLayer
    - MaterialComponents/Typography
    - MDFInternationalization
    - MDFTextAccessibility
  - MaterialComponents/Cards (73.0.0):
    - MaterialComponents/Ink
    - MaterialComponents/private/Icons/ic_check_circle
    - MaterialComponents/private/Math
    - MaterialComponents/private/Shapes
    - MaterialComponents/ShadowLayer
  - MaterialComponents/Ink (73.0.0):
    - MaterialComponents/private/Math
  - MaterialComponents/OverlayWindow (73.0.0):
    - MaterialComponents/private/Application
  - MaterialComponents/private/Application (73.0.0)
  - MaterialComponents/private/Icons/Base (73.0.0)
  - MaterialComponents/private/Icons/ic_check_circle (73.0.0):
    - MaterialComponents/private/Icons/Base
  - MaterialComponents/private/KeyboardWatcher (73.0.0):
    - MaterialComponents/private/Application
  - MaterialComponents/private/Math (73.0.0)
  - MaterialComponents/private/Overlay (73.0.0)
  - MaterialComponents/private/Shapes (73.0.0):
    - MaterialComponents/private/Math
    - MaterialComponents/ShadowLayer
  - MaterialComponents/ShadowElevations (73.0.0)
  - MaterialComponents/ShadowLayer (73.0.0):
    - MaterialComponents/ShadowElevations
  - MaterialComponents/Snackbar (73.0.0):
    - MaterialComponents/AnimationTiming
    - MaterialComponents/Buttons
    - MaterialComponents/OverlayWindow
    - MaterialComponents/private/Application
    - MaterialComponents/private/KeyboardWatcher
    - MaterialComponents/private/Overlay
    - MaterialComponents/Typography
  - MaterialComponents/Tabs (73.0.0):
    - MaterialComponents/AnimationTiming
    - MaterialComponents/Ink
    - MaterialComponents/private/Math
    - MaterialComponents/ShadowElevations
    - MaterialComponents/ShadowLayer
    - MaterialComponents/Typography
    - MDFInternationalization
  - MaterialComponents/Typography (73.0.0):
    - MaterialComponents/private/Application
    - MaterialComponents/private/Math
  - MDFInternationalization (2.0.0)
  - MDFTextAccessibility (2.0.0)
  - nanopb (0.3.901):
    - nanopb/decode (= 0.3.901)
    - nanopb/encode (= 0.3.901)
  - nanopb/decode (0.3.901)
  - nanopb/encode (0.3.901)
  - NemSwift (0.4.0):
    - APIKit
    - CryptoSwift
  - Nuke (7.5.2)
  - NVActivityIndicatorView (4.5.0):
    - NVActivityIndicatorView/Presenter (= 4.5.0)
  - NVActivityIndicatorView/Presenter (4.5.0)
  - ObjcExceptionBridging (1.0.1):
    - ObjcExceptionBridging/ObjcExceptionBridging (= 1.0.1)
  - ObjcExceptionBridging/ObjcExceptionBridging (1.0.1)
  - R.swift (4.0.0):
    - R.swift.Library (~> 4.0.0)
  - R.swift.Library (4.0.0)
  - Realm (3.13.0):
    - Realm/Headers (= 3.13.0)
  - Realm/Headers (3.13.0)
  - RealmSwift (3.13.0):
    - Realm (= 3.13.0)
  - REFrostedViewController (2.4.8)
  - Result (4.0.0)
  - RxAtomic (4.4.0)
  - RxBlocking (4.4.0):
    - RxAtomic (~> 4.4)
    - RxSwift (~> 4.0)
  - RxCocoa (4.4.0):
    - RxSwift (~> 4.0)
  - RxSwift (4.4.0):
    - RxAtomic (~> 4.4)
  - Sourcery (0.15.0)
  - SwiftyMocky (3.0.0):
    - SwiftyMocky/Core (= 3.0.0)
  - SwiftyMocky/Core (3.0.0):
    - Sourcery
  - XCGLogger (6.0.4):
    - XCGLogger/Core (= 6.0.4)
  - XCGLogger/Core (6.0.4):
    - ObjcExceptionBridging
  - ZXingObjC (3.2.2):
    - ZXingObjC/All (= 3.2.2)
  - ZXingObjC/All (3.2.2)

DEPENDENCIES:
  - BCryptSwift
  - Crashlytics (~> 3.10.7)
  - DDMathParser (from `https://github.com/davedelong/DDMathParser.git`, branch `swift4`)
  - DLRadioButton (~> 1.4)
  - Fabric (~> 1.7.11)
  - Firebase/Core
  - FontAwesome.swift
  - KeychainAccess
  - LicensePlist
  - MaterialComponents/Buttons
  - MaterialComponents/Cards
  - MaterialComponents/Ink
  - MaterialComponents/ShadowElevations
  - MaterialComponents/Snackbar
  - MaterialComponents/Tabs
  - NemSwift
  - Nuke (~> 7.0)
  - NVActivityIndicatorView
  - R.swift (~> 4.0.0)
  - RealmSwift
  - REFrostedViewController (~> 2.4)
  - RxBlocking (~> 4.0)
  - RxCocoa (~> 4.0)
  - RxSwift (~> 4.0)
  - SwiftyMocky
  - XCGLogger (~> 6.0.4)
  - ZXingObjC (~> 3.2.2)

SPEC REPOS:
  https://github.com/cocoapods/specs.git:
    - APIKit
    - BCryptSwift
    - Crashlytics
    - CryptoSwift
    - DLRadioButton
    - Fabric
    - Firebase
    - FirebaseAnalytics
    - FirebaseCore
    - FirebaseInstanceID
    - FontAwesome.swift
    - GoogleAppMeasurement
    - GoogleUtilities
    - KeychainAccess
    - LicensePlist
    - MaterialComponents
    - MDFInternationalization
    - MDFTextAccessibility
    - nanopb
    - NemSwift
    - Nuke
    - NVActivityIndicatorView
    - ObjcExceptionBridging
    - R.swift
    - R.swift.Library
    - Realm
    - RealmSwift
    - REFrostedViewController
    - Result
    - RxAtomic
    - RxBlocking
    - RxCocoa
    - RxSwift
    - Sourcery
    - SwiftyMocky
    - XCGLogger
    - ZXingObjC

EXTERNAL SOURCES:
  DDMathParser:
    :branch: swift4
    :git: https://github.com/davedelong/DDMathParser.git

CHECKOUT OPTIONS:
  DDMathParser:
    :commit: 31053a82c368e479dd4f2bc323bf271a540445e0
    :git: https://github.com/davedelong/DDMathParser.git

SPEC CHECKSUMS:
  APIKit: 23ddce4be7eccd746d2ab3c62713cd80d5846d5a
  BCryptSwift: f69992ea5685f6714260842c2770688043b89ab2
  Crashlytics: 55e24fc23989680285a21cb1146578d9d18e432c
  CryptoSwift: ff68c35a53e03177d31aaa2c1e8b3e010aeed6cb
  DDMathParser: 74cddd0aa652cfed79e68fdd076f1ee63ab43a16
  DLRadioButton: d7c4e225ed0e8013cef7be61455230c7557ad7c1
  Fabric: 25d0963b691fc97be566392243ff0ecef5a68338
  Firebase: 8bb9268bff82374f2cbaaabb143e725743c316ae
  FirebaseAnalytics: c06f9d70577d79074214700a71fd5d39de5550fb
  FirebaseCore: 35747502d9e8c6ee217385ad04446c7c2aaf9c5c
  FirebaseInstanceID: e2fa4cb35ef5558c200f7f0ad8a53e212215f93e
  FontAwesome.swift: fb8637bffb9a588c7e8c753c084565b27b20a39d
  GoogleAppMeasurement: 98b71f5e04142793729a5ef23e5b96651ff4b70f
  GoogleUtilities: 95996bea7c7d9b8fb811b7507669a4a8762f80c7
  KeychainAccess: b3816fddcf28aa29d94b10ec305cd52be14c472b
  LicensePlist: 558c95c739171b96896d38fa5502f3721aada13c
  MaterialComponents: 5ee94fadd206902ffa318ba5adfd3c9c8c799000
  MDFInternationalization: 010097556d6b09d2c4ea38e0820ea6d37be6a314
  MDFTextAccessibility: 85c09a1bd9c321f494348e632a25063bcda35a53
  nanopb: 2901f78ea1b7b4015c860c2fdd1ea2fee1a18d48
  NemSwift: 9c7b35f57d8e58e089d1f6d5cef92987a2be7f37
  Nuke: 0350d346a688426e8f2331253ef28dc2fc4f6178
  NVActivityIndicatorView: 1e4e3ed79248cf1666af182593c3a2acf0fcf193
  ObjcExceptionBridging: c30e00eb3700467e695faeea30e26e18bd445001
  R.swift: d6a5ec2f55a8441dc0ed9f1f8b37d7d11ae85c66
  R.swift.Library: c3af34921024333546e23b70e70d0b4e0cffca75
  Realm: 5edd2ee65406aef591a4f9895de5a3440e51b3d8
  RealmSwift: be5ebc7930e37cd3376b41cec7f21984528aaa16
  REFrostedViewController: a893b4979ba1f200c547aef9ff4c3fd5a18f5923
  Result: 7645bb3f50c2ce726dd0ff2fa7b6f42bbe6c3713
  RxAtomic: eacf60db868c96bfd63320e28619fe29c179656f
  RxBlocking: 138ad53217434444d6eeeb4fb406a45431d92e31
  RxCocoa: df63ebf7b9a70d6b4eeea407ed5dd4efc8979749
  RxSwift: 5976ecd04fc2fefd648827c23de5e11157faa973
  Sourcery: 5895672cae353cdbfa95f3f4aaeb75a664d76f6a
  SwiftyMocky: b3580655f96a5835a802bbfd8da9570cda0c285e
  XCGLogger: 4fc1bc0bdd5828cb8dc8da7a843536cda1bea8f3
  ZXingObjC: 2c95a0dc52daac69b23ec78fad8fa2fec05f8981

PODFILE CHECKSUM: 1d4d2e2553f9672fe369ffd63b01f56534f86522

COCOAPODS: 1.5.3
